
Microsoft Visual Studio Solution File, Format Version 12.00
# Visual Studio Version 17
VisualStudioVersion = 17.0.32002.185
MinimumVisualStudioVersion = 10.0.40219.1
Project("{FAE04EC0-301F-11D3-BF4B-00C04F79EFBC}") = "Assigment1", "Assigment1\Assigment1.csproj", "{AEB46E16-8620-482B-A99C-516BE060386C}"
EndProject
Global
	GlobalSection(SolutionConfigurationPlatforms) = preSolution
		Debug|Any CPU = Debug|Any CPU
		Release|Any CPU = Release|Any CPU
	EndGlobalSection
	GlobalSection(ProjectConfigurationPlatforms) = postSolution
		{AEB46E16-8620-482B-A99C-516BE060386C}.Debug|Any CPU.ActiveCfg = Debug|Any CPU
		{AEB46E16-8620-482B-A99C-516BE060386C}.Debug|Any CPU.Build.0 = Debug|Any CPU
		{AEB46E16-8620-482B-A99C-516BE060386C}.Release|Any CPU.ActiveCfg = Release|Any CPU
		{AEB46E16-8620-482B-A99C-516BE060386C}.Release|Any CPU.Build.0 = Release|Any CPU
	EndGlobalSection
	GlobalSection(SolutionProperties) = preSolution
		HideSolutionNode = FALSE
	EndGlobalSection
	GlobalSection(ExtensibilityGlobals) = postSolution
		SolutionGuid = {DDD53B13-18FF-47B0-8EF0-F66846C48819}
	EndGlobalSection
EndGlobal
